
Microsoft Visual Studio Solution File, Format Version 12.00
# Visual Studio Version 17
VisualStudioVersion = 17.11.35222.181
MinimumVisualStudioVersion = 10.0.40219.1
Project("{FAE04EC0-301F-11D3-BF4B-00C04F79EFBC}") = "Project3", "Project3\Project3.csproj", "{05CD73B2-4913-4AF7-B1B8-25FCBD833FFC}"
EndProject
Global
	GlobalSection(SolutionConfigurationPlatforms) = preSolution
		Debug|Any CPU = Debug|Any CPU
		Release|Any CPU = Release|Any CPU
	EndGlobalSection
	GlobalSection(ProjectConfigurationPlatforms) = postSolution
		{05CD73B2-4913-4AF7-B1B8-25FCBD833FFC}.Debug|Any CPU.ActiveCfg = Debug|Any CPU
		{05CD73B2-4913-4AF7-B1B8-25FCBD833FFC}.Debug|Any CPU.Build.0 = Debug|Any CPU
		{05CD73B2-4913-4AF7-B1B8-25FCBD833FFC}.Release|Any CPU.ActiveCfg = Release|Any CPU
		{05CD73B2-4913-4AF7-B1B8-25FCBD833FFC}.Release|Any CPU.Build.0 = Release|Any CPU
	EndGlobalSection
	GlobalSection(SolutionProperties) = preSolution
		HideSolutionNode = FALSE
	EndGlobalSection
	GlobalSection(ExtensibilityGlobals) = postSolution
		SolutionGuid = {96D9F642-48AD-4231-9DE2-C4F0E1C68091}
	EndGlobalSection
EndGlobal
